// !$*UTF8*$!
{
	archiveVersion = 1;
	classes = {
	};
	objectVersion = 46;
	objects = {

/* Begin PBXBuildFile section */
		F389D83D1925703100624761 /* Foundation.framework in Frameworks */ = {isa = PBXBuildFile; fileRef = F389D83C1925703000624761 /* Foundation.framework */; };
		F389D83F1925703100624761 /* CoreGraphics.framework in Frameworks */ = {isa = PBXBuildFile; fileRef = F389D83E1925703100624761 /* CoreGraphics.framework */; };
		F389D8411925703100624761 /* UIKit.framework in Frameworks */ = {isa = PBXBuildFile; fileRef = F389D8401925703100624761 /* UIKit.framework */; };
		F389D8471925703100624761 /* InfoPlist.strings in Resources */ = {isa = PBXBuildFile; fileRef = F389D8451925703100624761 /* InfoPlist.strings */; };
		F389D8491925703100624761 /* main.m in Sources */ = {isa = PBXBuildFile; fileRef = F389D8481925703100624761 /* main.m */; };
		F389D84D1925703100624761 /* AppDelegate.m in Sources */ = {isa = PBXBuildFile; fileRef = F389D84C1925703100624761 /* AppDelegate.m */; };
		F389D84F1925703100624761 /* Images.xcassets in Resources */ = {isa = PBXBuildFile; fileRef = F389D84E1925703100624761 /* Images.xcassets */; };
		F389D8561925703100624761 /* XCTest.framework in Frameworks */ = {isa = PBXBuildFile; fileRef = F389D8551925703100624761 /* XCTest.framework */; };
		F389D8571925703100624761 /* Foundation.framework in Frameworks */ = {isa = PBXBuildFile; fileRef = F389D83C1925703000624761 /* Foundation.framework */; };
		F389D8581925703100624761 /* UIKit.framework in Frameworks */ = {isa = PBXBuildFile; fileRef = F389D8401925703100624761 /* UIKit.framework */; };
		F389D8601925703100624761 /* InfoPlist.strings in Resources */ = {isa = PBXBuildFile; fileRef = F389D85E1925703100624761 /* InfoPlist.strings */; };
		F389D8621925703100624761 /* HostTests.m in Sources */ = {isa = PBXBuildFile; fileRef = F389D8611925703100624761 /* HostTests.m */; };
		F389D86E192572D100624761 /* NSString+PubSub.m in Sources */ = {isa = PBXBuildFile; fileRef = F389D86D192572D100624761 /* NSString+PubSub.m */; };
		F389D8711925734C00624761 /* DynamicViewController.m in Sources */ = {isa = PBXBuildFile; fileRef = F389D8701925734C00624761 /* DynamicViewController.m */; };
/* End PBXBuildFile section */

/* Begin PBXContainerItemProxy section */
		F389D8591925703100624761 /* PBXContainerItemProxy */ = {
			isa = PBXContainerItemProxy;
			containerPortal = F389D8311925703000624761 /* Project object */;
			proxyType = 1;
			remoteGlobalIDString = F389D8381925703000624761;
			remoteInfo = Host;
		};
/* End PBXContainerItemProxy section */

/* Begin PBXFileReference section */
		F389D8391925703000624761 /* Host.app */ = {isa = PBXFileReference; explicitFileType = wrapper.application; includeInIndex = 0; path = Host.app; sourceTree = BUILT_PRODUCTS_DIR; };
		F389D83C1925703000624761 /* Foundation.framework */ = {isa = PBXFileReference; lastKnownFileType = wrapper.framework; name = Foundation.framework; path = System/Library/Frameworks/Foundation.framework; sourceTree = SDKROOT; };
		F389D83E1925703100624761 /* CoreGraphics.framework */ = {isa = PBXFileReference; lastKnownFileType = wrapper.framework; name = CoreGraphics.framework; path = System/Library/Frameworks/CoreGraphics.framework; sourceTree = SDKROOT; };
		F389D8401925703100624761 /* UIKit.framework */ = {isa = PBXFileReference; lastKnownFileType = wrapper.framework; name = UIKit.framework; path = System/Library/Frameworks/UIKit.framework; sourceTree = SDKROOT; };
		F389D8441925703100624761 /* Host-Info.plist */ = {isa = PBXFileReference; lastKnownFileType = text.plist.xml; path = "Host-Info.plist"; sourceTree = "<group>"; };
		F389D8461925703100624761 /* en */ = {isa = PBXFileReference; lastKnownFileType = text.plist.strings; name = en; path = en.lproj/InfoPlist.strings; sourceTree = "<group>"; };
		F389D8481925703100624761 /* main.m */ = {isa = PBXFileReference; lastKnownFileType = sourcecode.c.objc; path = main.m; sourceTree = "<group>"; };
		F389D84A1925703100624761 /* Host-Prefix.pch */ = {isa = PBXFileReference; lastKnownFileType = sourcecode.c.h; path = "Host-Prefix.pch"; sourceTree = "<group>"; };
		F389D84B1925703100624761 /* AppDelegate.h */ = {isa = PBXFileReference; lastKnownFileType = sourcecode.c.h; path = AppDelegate.h; sourceTree = "<group>"; };
		F389D84C1925703100624761 /* AppDelegate.m */ = {isa = PBXFileReference; lastKnownFileType = sourcecode.c.objc; path = AppDelegate.m; sourceTree = "<group>"; };
		F389D84E1925703100624761 /* Images.xcassets */ = {isa = PBXFileReference; lastKnownFileType = folder.assetcatalog; path = Images.xcassets; sourceTree = "<group>"; };
		F389D8541925703100624761 /* HostTests.xctest */ = {isa = PBXFileReference; explicitFileType = wrapper.cfbundle; includeInIndex = 0; path = HostTests.xctest; sourceTree = BUILT_PRODUCTS_DIR; };
		F389D8551925703100624761 /* XCTest.framework */ = {isa = PBXFileReference; lastKnownFileType = wrapper.framework; name = XCTest.framework; path = Library/Frameworks/XCTest.framework; sourceTree = DEVELOPER_DIR; };
		F389D85D1925703100624761 /* HostTests-Info.plist */ = {isa = PBXFileReference; lastKnownFileType = text.plist.xml; path = "HostTests-Info.plist"; sourceTree = "<group>"; };
		F389D85F1925703100624761 /* en */ = {isa = PBXFileReference; lastKnownFileType = text.plist.strings; name = en; path = en.lproj/InfoPlist.strings; sourceTree = "<group>"; };
		F389D8611925703100624761 /* HostTests.m */ = {isa = PBXFileReference; lastKnownFileType = sourcecode.c.objc; path = HostTests.m; sourceTree = "<group>"; };
		F389D86C192572D100624761 /* NSString+PubSub.h */ = {isa = PBXFileReference; fileEncoding = 4; lastKnownFileType = sourcecode.c.h; path = "NSString+PubSub.h"; sourceTree = "<group>"; };
		F389D86D192572D100624761 /* NSString+PubSub.m */ = {isa = PBXFileReference; fileEncoding = 4; lastKnownFileType = sourcecode.c.objc; path = "NSString+PubSub.m"; sourceTree = "<group>"; };
		F389D86F1925734C00624761 /* DynamicViewController.h */ = {isa = PBXFileReference; fileEncoding = 4; lastKnownFileType = sourcecode.c.h; path = DynamicViewController.h; sourceTree = "<group>"; };
		F389D8701925734C00624761 /* DynamicViewController.m */ = {isa = PBXFileReference; fileEncoding = 4; lastKnownFileType = sourcecode.c.objc; path = DynamicViewController.m; sourceTree = "<group>"; };
/* End PBXFileReference section */

/* Begin PBXFrameworksBuildPhase section */
		F389D8361925703000624761 /* Frameworks */ = {
			isa = PBXFrameworksBuildPhase;
			buildActionMask = 2147483647;
			files = (
				F389D83F1925703100624761 /* CoreGraphics.framework in Frameworks */,
				F389D8411925703100624761 /* UIKit.framework in Frameworks */,
				F389D83D1925703100624761 /* Foundation.framework in Frameworks */,
			);
			runOnlyForDeploymentPostprocessing = 0;
		};
		F389D8511925703100624761 /* Frameworks */ = {
			isa = PBXFrameworksBuildPhase;
			buildActionMask = 2147483647;
			files = (
				F389D8561925703100624761 /* XCTest.framework in Frameworks */,
				F389D8581925703100624761 /* UIKit.framework in Frameworks */,
				F389D8571925703100624761 /* Foundation.framework in Frameworks */,
			);
			runOnlyForDeploymentPostprocessing = 0;
		};
/* End PBXFrameworksBuildPhase section */

/* Begin PBXGroup section */
		F389D8301925703000624761 = {
			isa = PBXGroup;
			children = (
				F389D86B192572D100624761 /* violated-rules */,
				F389D8421925703100624761 /* Host */,
				F389D85B1925703100624761 /* HostTests */,
				F389D83B1925703000624761 /* Frameworks */,
				F389D83A1925703000624761 /* Products */,
			);
			sourceTree = "<group>";
		};
		F389D83A1925703000624761 /* Products */ = {
			isa = PBXGroup;
			children = (
				F389D8391925703000624761 /* Host.app */,
				F389D8541925703100624761 /* HostTests.xctest */,
			);
			name = Products;
			sourceTree = "<group>";
		};
		F389D83B1925703000624761 /* Frameworks */ = {
			isa = PBXGroup;
			children = (
				F389D83C1925703000624761 /* Foundation.framework */,
				F389D83E1925703100624761 /* CoreGraphics.framework */,
				F389D8401925703100624761 /* UIKit.framework */,
				F389D8551925703100624761 /* XCTest.framework */,
			);
			name = Frameworks;
			sourceTree = "<group>";
		};
		F389D8421925703100624761 /* Host */ = {
			isa = PBXGroup;
			children = (
				F389D84B1925703100624761 /* AppDelegate.h */,
				F389D84C1925703100624761 /* AppDelegate.m */,
				F389D84E1925703100624761 /* Images.xcassets */,
				F389D8431925703100624761 /* Supporting Files */,
			);
			path = Host;
			sourceTree = "<group>";
		};
		F389D8431925703100624761 /* Supporting Files */ = {
			isa = PBXGroup;
			children = (
				F389D8441925703100624761 /* Host-Info.plist */,
				F389D8451925703100624761 /* InfoPlist.strings */,
				F389D8481925703100624761 /* main.m */,
				F389D84A1925703100624761 /* Host-Prefix.pch */,
			);
			name = "Supporting Files";
			sourceTree = "<group>";
		};
		F389D85B1925703100624761 /* HostTests */ = {
			isa = PBXGroup;
			children = (
				F389D8611925703100624761 /* HostTests.m */,
				F389D85C1925703100624761 /* Supporting Files */,
			);
			path = HostTests;
			sourceTree = "<group>";
		};
		F389D85C1925703100624761 /* Supporting Files */ = {
			isa = PBXGroup;
			children = (
				F389D85D1925703100624761 /* HostTests-Info.plist */,
				F389D85E1925703100624761 /* InfoPlist.strings */,
			);
			name = "Supporting Files";
			sourceTree = "<group>";
		};
		F389D86B192572D100624761 /* violated-rules */ = {
			isa = PBXGroup;
			children = (
				F389D86C192572D100624761 /* NSString+PubSub.h */,
				F389D86D192572D100624761 /* NSString+PubSub.m */,
				F389D86F1925734C00624761 /* DynamicViewController.h */,
				F389D8701925734C00624761 /* DynamicViewController.m */,
			);
			path = "violated-rules";
			sourceTree = "<group>";
		};
/* End PBXGroup section */

/* Begin PBXNativeTarget section */
		F389D8381925703000624761 /* Host */ = {
			isa = PBXNativeTarget;
			buildConfigurationList = F389D8651925703100624761 /* Build configuration list for PBXNativeTarget "Host" */;
			buildPhases = (
				F389D8351925703000624761 /* Sources */,
				F389D8361925703000624761 /* Frameworks */,
				F389D8371925703000624761 /* Resources */,
			);
			buildRules = (
			);
			dependencies = (
			);
			name = Host;
			productName = Host;
			productReference = F389D8391925703000624761 /* Host.app */;
			productType = "com.apple.product-type.application";
		};
		F389D8531925703100624761 /* HostTests */ = {
			isa = PBXNativeTarget;
			buildConfigurationList = F389D8681925703100624761 /* Build configuration list for PBXNativeTarget "HostTests" */;
			buildPhases = (
				F389D8501925703100624761 /* Sources */,
				F389D8511925703100624761 /* Frameworks */,
				F389D8521925703100624761 /* Resources */,
			);
			buildRules = (
			);
			dependencies = (
				F389D85A1925703100624761 /* PBXTargetDependency */,
			);
			name = HostTests;
			productName = HostTests;
			productReference = F389D8541925703100624761 /* HostTests.xctest */;
			productType = "com.apple.product-type.bundle.unit-test";
		};
/* End PBXNativeTarget section */

/* Begin PBXProject section */
		F389D8311925703000624761 /* Project object */ = {
			isa = PBXProject;
			attributes = {
				LastUpgradeCheck = 0510;
				ORGANIZATIONNAME = CantabiLabs;
				TargetAttributes = {
					F389D8531925703100624761 = {
						TestTargetID = F389D8381925703000624761;
					};
				};
			};
			buildConfigurationList = F389D8341925703000624761 /* Build configuration list for PBXProject "Host" */;
			compatibilityVersion = "Xcode 3.2";
			developmentRegion = English;
			hasScannedForEncodings = 0;
			knownRegions = (
				en,
			);
			mainGroup = F389D8301925703000624761;
			productRefGroup = F389D83A1925703000624761 /* Products */;
			projectDirPath = "";
			projectRoot = "";
			targets = (
				F389D8381925703000624761 /* Host */,
				F389D8531925703100624761 /* HostTests */,
			);
		};
/* End PBXProject section */

/* Begin PBXResourcesBuildPhase section */
		F389D8371925703000624761 /* Resources */ = {
			isa = PBXResourcesBuildPhase;
			buildActionMask = 2147483647;
			files = (
				F389D8471925703100624761 /* InfoPlist.strings in Resources */,
				F389D84F1925703100624761 /* Images.xcassets in Resources */,
			);
			runOnlyForDeploymentPostprocessing = 0;
		};
		F389D8521925703100624761 /* Resources */ = {
			isa = PBXResourcesBuildPhase;
			buildActionMask = 2147483647;
			files = (
				F389D8601925703100624761 /* InfoPlist.strings in Resources */,
			);
			runOnlyForDeploymentPostprocessing = 0;
		};
/* End PBXResourcesBuildPhase section */

/* Begin PBXSourcesBuildPhase section */
		F389D8351925703000624761 /* Sources */ = {
			isa = PBXSourcesBuildPhase;
			buildActionMask = 2147483647;
			files = (
				F389D86E192572D100624761 /* NSString+PubSub.m in Sources */,
				F389D84D1925703100624761 /* AppDelegate.m in Sources */,
				F389D8711925734C00624761 /* DynamicViewController.m in Sources */,
				F389D8491925703100624761 /* main.m in Sources */,
			);
			runOnlyForDeploymentPostprocessing = 0;
		};
		F389D8501925703100624761 /* Sources */ = {
			isa = PBXSourcesBuildPhase;
			buildActionMask = 2147483647;
			files = (
				F389D8621925703100624761 /* HostTests.m in Sources */,
			);
			runOnlyForDeploymentPostprocessing = 0;
		};
/* End PBXSourcesBuildPhase section */

/* Begin PBXTargetDependency section */
		F389D85A1925703100624761 /* PBXTargetDependency */ = {
			isa = PBXTargetDependency;
			target = F389D8381925703000624761 /* Host */;
			targetProxy = F389D8591925703100624761 /* PBXContainerItemProxy */;
		};
/* End PBXTargetDependency section */

/* Begin PBXVariantGroup section */
		F389D8451925703100624761 /* InfoPlist.strings */ = {
			isa = PBXVariantGroup;
			children = (
				F389D8461925703100624761 /* en */,
			);
			name = InfoPlist.strings;
			sourceTree = "<group>";
		};
		F389D85E1925703100624761 /* InfoPlist.strings */ = {
			isa = PBXVariantGroup;
			children = (
				F389D85F1925703100624761 /* en */,
			);
			name = InfoPlist.strings;
			sourceTree = "<group>";
		};
/* End PBXVariantGroup section */

/* Begin XCBuildConfiguration section */
		F389D8631925703100624761 /* Debug */ = {
			isa = XCBuildConfiguration;
			buildSettings = {
				ALWAYS_SEARCH_USER_PATHS = NO;
				CLANG_CXX_LANGUAGE_STANDARD = "gnu++0x";
				CLANG_CXX_LIBRARY = "libc++";
				CLANG_ENABLE_MODULES = YES;
				CLANG_ENABLE_OBJC_ARC = YES;
				CLANG_WARN_BOOL_CONVERSION = YES;
				CLANG_WARN_CONSTANT_CONVERSION = YES;
				CLANG_WARN_DIRECT_OBJC_ISA_USAGE = YES_ERROR;
				CLANG_WARN_EMPTY_BODY = YES;
				CLANG_WARN_ENUM_CONVERSION = YES;
				CLANG_WARN_INT_CONVERSION = YES;
				CLANG_WARN_OBJC_ROOT_CLASS = YES_ERROR;
				CLANG_WARN__DUPLICATE_METHOD_MATCH = YES;
				"CODE_SIGN_IDENTITY[sdk=iphoneos*]" = "iPhone Developer";
				COPY_PHASE_STRIP = NO;
				GCC_C_LANGUAGE_STANDARD = gnu99;
				GCC_DYNAMIC_NO_PIC = NO;
				GCC_OPTIMIZATION_LEVEL = 0;
				GCC_PREPROCESSOR_DEFINITIONS = (
					"DEBUG=1",
					"$(inherited)",
				);
				GCC_SYMBOLS_PRIVATE_EXTERN = NO;
				GCC_WARN_64_TO_32_BIT_CONVERSION = YES;
				GCC_WARN_ABOUT_RETURN_TYPE = YES_ERROR;
				GCC_WARN_UNDECLARED_SELECTOR = YES;
				GCC_WARN_UNINITIALIZED_AUTOS = YES_AGGRESSIVE;
				GCC_WARN_UNUSED_FUNCTION = YES;
				GCC_WARN_UNUSED_VARIABLE = YES;
				IPHONEOS_DEPLOYMENT_TARGET = 7.1;
				ONLY_ACTIVE_ARCH = YES;
				SDKROOT = iphoneos;
				TARGETED_DEVICE_FAMILY = "1,2";
			};
			name = Debug;
		};
		F389D8641925703100624761 /* Release */ = {
			isa = XCBuildConfiguration;
			buildSettings = {
				ALWAYS_SEARCH_USER_PATHS = NO;
				CLANG_CXX_LANGUAGE_STANDARD = "gnu++0x";
				CLANG_CXX_LIBRARY = "libc++";
				CLANG_ENABLE_MODULES = YES;
				CLANG_ENABLE_OBJC_ARC = YES;
				CLANG_WARN_BOOL_CONVERSION = YES;
				CLANG_WARN_CONSTANT_CONVERSION = YES;
				CLANG_WARN_DIRECT_OBJC_ISA_USAGE = YES_ERROR;
				CLANG_WARN_EMPTY_BODY = YES;
				CLANG_WARN_ENUM_CONVERSION = YES;
				CLANG_WARN_INT_CONVERSION = YES;
				CLANG_WARN_OBJC_ROOT_CLASS = YES_ERROR;
				CLANG_WARN__DUPLICATE_METHOD_MATCH = YES;
				"CODE_SIGN_IDENTITY[sdk=iphoneos*]" = "iPhone Developer";
				COPY_PHASE_STRIP = YES;
				ENABLE_NS_ASSERTIONS = NO;
				GCC_C_LANGUAGE_STANDARD = gnu99;
				GCC_WARN_64_TO_32_BIT_CONVERSION = YES;
				GCC_WARN_ABOUT_RETURN_TYPE = YES_ERROR;
				GCC_WARN_UNDECLARED_SELECTOR = YES;
				GCC_WARN_UNINITIALIZED_AUTOS = YES_AGGRESSIVE;
				GCC_WARN_UNUSED_FUNCTION = YES;
				GCC_WARN_UNUSED_VARIABLE = YES;
				IPHONEOS_DEPLOYMENT_TARGET = 7.1;
				SDKROOT = iphoneos;
				TARGETED_DEVICE_FAMILY = "1,2";
				VALIDATE_PRODUCT = YES;
			};
			name = Release;
		};
		F389D8661925703100624761 /* Debug */ = {
			isa = XCBuildConfiguration;
			buildSettings = {
				ASSETCATALOG_COMPILER_APPICON_NAME = AppIcon;
				ASSETCATALOG_COMPILER_LAUNCHIMAGE_NAME = LaunchImage;
				GCC_PRECOMPILE_PREFIX_HEADER = YES;
				GCC_PREFIX_HEADER = "Host/Host-Prefix.pch";
				INFOPLIST_FILE = "Host/Host-Info.plist";
				PRODUCT_NAME = "$(TARGET_NAME)";
				WRAPPER_EXTENSION = app;
			};
			name = Debug;
		};
		F389D8671925703100624761 /* Release */ = {
			isa = XCBuildConfiguration;
			buildSettings = {
				ASSETCATALOG_COMPILER_APPICON_NAME = AppIcon;
				ASSETCATALOG_COMPILER_LAUNCHIMAGE_NAME = LaunchImage;
				GCC_PRECOMPILE_PREFIX_HEADER = YES;
				GCC_PREFIX_HEADER = "Host/Host-Prefix.pch";
				INFOPLIST_FILE = "Host/Host-Info.plist";
				PRODUCT_NAME = "$(TARGET_NAME)";
				WRAPPER_EXTENSION = app;
			};
			name = Release;
		};
		F389D8691925703100624761 /* Debug */ = {
			isa = XCBuildConfiguration;
			buildSettings = {
				BUNDLE_LOADER = "$(BUILT_PRODUCTS_DIR)/Host.app/Host";
				FRAMEWORK_SEARCH_PATHS = (
					"$(SDKROOT)/Developer/Library/Frameworks",
					"$(inherited)",
					"$(DEVELOPER_FRAMEWORKS_DIR)",
				);
				GCC_PRECOMPILE_PREFIX_HEADER = YES;
				GCC_PREFIX_HEADER = "Host/Host-Prefix.pch";
				GCC_PREPROCESSOR_DEFINITIONS = (
					"DEBUG=1",
					"$(inherited)",
				);
				INFOPLIST_FILE = "HostTests/HostTests-Info.plist";
				PRODUCT_NAME = "$(TARGET_NAME)";
				TEST_HOST = "$(BUNDLE_LOADER)";
				WRAPPER_EXTENSION = xctest;
			};
			name = Debug;
		};
		F389D86A1925703100624761 /* Release */ = {
			isa = XCBuildConfiguration;
			buildSettings = {
				BUNDLE_LOADER = "$(BUILT_PRODUCTS_DIR)/Host.app/Host";
				FRAMEWORK_SEARCH_PATHS = (
					"$(SDKROOT)/Developer/Library/Frameworks",
					"$(inherited)",
					"$(DEVELOPER_FRAMEWORKS_DIR)",
				);
				GCC_PRECOMPILE_PREFIX_HEADER = YES;
				GCC_PREFIX_HEADER = "Host/Host-Prefix.pch";
				INFOPLIST_FILE = "HostTests/HostTests-Info.plist";
				PRODUCT_NAME = "$(TARGET_NAME)";
				TEST_HOST = "$(BUNDLE_LOADER)";
				WRAPPER_EXTENSION = xctest;
			};
			name = Release;
		};
/* End XCBuildConfiguration section */

/* Begin XCConfigurationList section */
		F389D8341925703000624761 /* Build configuration list for PBXProject "Host" */ = {
			isa = XCConfigurationList;
			buildConfigurations = (
				F389D8631925703100624761 /* Debug */,
				F389D8641925703100624761 /* Release */,
			);
			defaultConfigurationIsVisible = 0;
			defaultConfigurationName = Release;
		};
		F389D8651925703100624761 /* Build configuration list for PBXNativeTarget "Host" */ = {
			isa = XCConfigurationList;
			buildConfigurations = (
				F389D8661925703100624761 /* Debug */,
				F389D8671925703100624761 /* Release */,
			);
			defaultConfigurationIsVisible = 0;
		};
		F389D8681925703100624761 /* Build configuration list for PBXNativeTarget "HostTests" */ = {
			isa = XCConfigurationList;
			buildConfigurations = (
				F389D8691925703100624761 /* Debug */,
				F389D86A1925703100624761 /* Release */,
			);
			defaultConfigurationIsVisible = 0;
		};
/* End XCConfigurationList section */
	};
	rootObject = F389D8311925703000624761 /* Project object */;
}
